
Microsoft Visual Studio Solution File, Format Version 12.00
# Visual Studio Version 17
VisualStudioVersion = 17.13.35919.96 d17.13
MinimumVisualStudioVersion = 10.0.40219.1
Project("{FAE04EC0-301F-11D3-BF4B-00C04F79EFBC}") = "Threads&Async", "Threads&Async\Threads&Async.csproj", "{A5BCAB81-7274-415A-A02A-B43F5CEC2EB5}"
EndProject
Global
	GlobalSection(SolutionConfigurationPlatforms) = preSolution
		Debug|Any CPU = Debug|Any CPU
		Release|Any CPU = Release|Any CPU
	EndGlobalSection
	GlobalSection(ProjectConfigurationPlatforms) = postSolution
		{A5BCAB81-7274-415A-A02A-B43F5CEC2EB5}.Debug|Any CPU.ActiveCfg = Debug|Any CPU
		{A5BCAB81-7274-415A-A02A-B43F5CEC2EB5}.Debug|Any CPU.Build.0 = Debug|Any CPU
		{A5BCAB81-7274-415A-A02A-B43F5CEC2EB5}.Release|Any CPU.ActiveCfg = Release|Any CPU
		{A5BCAB81-7274-415A-A02A-B43F5CEC2EB5}.Release|Any CPU.Build.0 = Release|Any CPU
	EndGlobalSection
	GlobalSection(SolutionProperties) = preSolution
		HideSolutionNode = FALSE
	EndGlobalSection
	GlobalSection(ExtensibilityGlobals) = postSolution
		SolutionGuid = {A3EA063D-A06E-407C-B8D9-4F202C4A25DA}
	EndGlobalSection
EndGlobal
